// !$*UTF8*$!
{
	archiveVersion = 1;
	classes = {
	};
	objectVersion = 56;
	objects = {

/* Begin PBXBuildFile section */
		529FF7532A517D3E0016348B /* LogInViewController.swift in Sources */ = {isa = PBXBuildFile; fileRef = 529FF7522A517D3E0016348B /* LogInViewController.swift */; };
		529FF7552A517DC90016348B /* SignUpViewController.swift in Sources */ = {isa = PBXBuildFile; fileRef = 529FF7542A517DC90016348B /* SignUpViewController.swift */; };
		529FF7572A517E190016348B /* GalleryViewController.swift in Sources */ = {isa = PBXBuildFile; fileRef = 529FF7562A517E190016348B /* GalleryViewController.swift */; };
		529FF7592A517E470016348B /* ImageCell.swift in Sources */ = {isa = PBXBuildFile; fileRef = 529FF7582A517E470016348B /* ImageCell.swift */; };
		529FF75B2A51876A0016348B /* GoogleService-Info.plist in Resources */ = {isa = PBXBuildFile; fileRef = 529FF75A2A51876A0016348B /* GoogleService-Info.plist */; };
		529FF75E2A5188210016348B /* FirebaseAuth in Frameworks */ = {isa = PBXBuildFile; productRef = 529FF75D2A5188210016348B /* FirebaseAuth */; };
		529FF7602A5188210016348B /* FirebaseDatabase in Frameworks */ = {isa = PBXBuildFile; productRef = 529FF75F2A5188210016348B /* FirebaseDatabase */; };
		529FF7622A5188210016348B /* FirebaseFirestore in Frameworks */ = {isa = PBXBuildFile; productRef = 529FF7612A5188210016348B /* FirebaseFirestore */; };
		529FF7642A518E1B0016348B /* FirebaseStorage in Frameworks */ = {isa = PBXBuildFile; productRef = 529FF7632A518E1B0016348B /* FirebaseStorage */; };
		52A5E43D2A4AECCD0006DE51 /* SpriteKit.framework in Frameworks */ = {isa = PBXBuildFile; fileRef = 52A5E43C2A4AECCD0006DE51 /* SpriteKit.framework */; };
		52E50EE52A46DE060060D489 /* AppDelegate.swift in Sources */ = {isa = PBXBuildFile; fileRef = 52E50EE42A46DE060060D489 /* AppDelegate.swift */; };
		52E50EE72A46DE060060D489 /* SceneDelegate.swift in Sources */ = {isa = PBXBuildFile; fileRef = 52E50EE62A46DE060060D489 /* SceneDelegate.swift */; };
		52E50EE92A46DE060060D489 /* ViewController.swift in Sources */ = {isa = PBXBuildFile; fileRef = 52E50EE82A46DE060060D489 /* ViewController.swift */; };
		52E50EEC2A46DE060060D489 /* Main.storyboard in Resources */ = {isa = PBXBuildFile; fileRef = 52E50EEA2A46DE060060D489 /* Main.storyboard */; };
		52E50EEE2A46DE070060D489 /* Assets.xcassets in Resources */ = {isa = PBXBuildFile; fileRef = 52E50EED2A46DE070060D489 /* Assets.xcassets */; };
		52E50EF12A46DE070060D489 /* LaunchScreen.storyboard in Resources */ = {isa = PBXBuildFile; fileRef = 52E50EEF2A46DE070060D489 /* LaunchScreen.storyboard */; };
		52E50EFC2A46DE070060D489 /* denemeTests.swift in Sources */ = {isa = PBXBuildFile; fileRef = 52E50EFB2A46DE070060D489 /* denemeTests.swift */; };
		52E50F062A46DE070060D489 /* denemeUITests.swift in Sources */ = {isa = PBXBuildFile; fileRef = 52E50F052A46DE070060D489 /* denemeUITests.swift */; };
		52E50F082A46DE070060D489 /* denemeUITestsLaunchTests.swift in Sources */ = {isa = PBXBuildFile; fileRef = 52E50F072A46DE070060D489 /* denemeUITestsLaunchTests.swift */; };
		52E50F152A46FC7A0060D489 /* HWTPVC.swift in Sources */ = {isa = PBXBuildFile; fileRef = 52E50F142A46FC7A0060D489 /* HWTPVC.swift */; };
		52E50F172A46FCBD0060D489 /* PGVC.swift in Sources */ = {isa = PBXBuildFile; fileRef = 52E50F162A46FCBC0060D489 /* PGVC.swift */; };
/* End PBXBuildFile section */

/* Begin PBXContainerItemProxy section */
		52E50EF82A46DE070060D489 /* PBXContainerItemProxy */ = {
			isa = PBXContainerItemProxy;
			containerPortal = 52E50ED92A46DE060060D489 /* Project object */;
			proxyType = 1;
			remoteGlobalIDString = 52E50EE02A46DE060060D489;
			remoteInfo = deneme;
		};
		52E50F022A46DE070060D489 /* PBXContainerItemProxy */ = {
			isa = PBXContainerItemProxy;
			containerPortal = 52E50ED92A46DE060060D489 /* Project object */;
			proxyType = 1;
			remoteGlobalIDString = 52E50EE02A46DE060060D489;
			remoteInfo = deneme;
		};
/* End PBXContainerItemProxy section */

/* Begin PBXFileReference section */
		529FF7522A517D3E0016348B /* LogInViewController.swift */ = {isa = PBXFileReference; lastKnownFileType = sourcecode.swift; path = LogInViewController.swift; sourceTree = "<group>"; };
		529FF7542A517DC90016348B /* SignUpViewController.swift */ = {isa = PBXFileReference; lastKnownFileType = sourcecode.swift; path = SignUpViewController.swift; sourceTree = "<group>"; };
		529FF7562A517E190016348B /* GalleryViewController.swift */ = {isa = PBXFileReference; lastKnownFileType = sourcecode.swift; path = GalleryViewController.swift; sourceTree = "<group>"; };
		529FF7582A517E470016348B /* ImageCell.swift */ = {isa = PBXFileReference; lastKnownFileType = sourcecode.swift; path = ImageCell.swift; sourceTree = "<group>"; };
		529FF75A2A51876A0016348B /* GoogleService-Info.plist */ = {isa = PBXFileReference; fileEncoding = 4; lastKnownFileType = text.plist.xml; path = "GoogleService-Info.plist"; sourceTree = "<group>"; };
		52A5E43C2A4AECCD0006DE51 /* SpriteKit.framework */ = {isa = PBXFileReference; lastKnownFileType = wrapper.framework; name = SpriteKit.framework; path = System/Library/Frameworks/SpriteKit.framework; sourceTree = SDKROOT; };
		52E50EE12A46DE060060D489 /* masternumber.app */ = {isa = PBXFileReference; explicitFileType = wrapper.application; includeInIndex = 0; path = masternumber.app; sourceTree = BUILT_PRODUCTS_DIR; };
		52E50EE42A46DE060060D489 /* AppDelegate.swift */ = {isa = PBXFileReference; lastKnownFileType = sourcecode.swift; path = AppDelegate.swift; sourceTree = "<group>"; };
		52E50EE62A46DE060060D489 /* SceneDelegate.swift */ = {isa = PBXFileReference; lastKnownFileType = sourcecode.swift; path = SceneDelegate.swift; sourceTree = "<group>"; };
		52E50EE82A46DE060060D489 /* ViewController.swift */ = {isa = PBXFileReference; lastKnownFileType = sourcecode.swift; path = ViewController.swift; sourceTree = "<group>"; };
		52E50EEB2A46DE060060D489 /* Base */ = {isa = PBXFileReference; lastKnownFileType = file.storyboard; name = Base; path = Base.lproj/Main.storyboard; sourceTree = "<group>"; };
		52E50EED2A46DE070060D489 /* Assets.xcassets */ = {isa = PBXFileReference; lastKnownFileType = folder.assetcatalog; path = Assets.xcassets; sourceTree = "<group>"; };
		52E50EF02A46DE070060D489 /* Base */ = {isa = PBXFileReference; lastKnownFileType = file.storyboard; name = Base; path = Base.lproj/LaunchScreen.storyboard; sourceTree = "<group>"; };
		52E50EF22A46DE070060D489 /* Info.plist */ = {isa = PBXFileReference; lastKnownFileType = text.plist.xml; path = Info.plist; sourceTree = "<group>"; };
		52E50EF72A46DE070060D489 /* masternumberTests.xctest */ = {isa = PBXFileReference; explicitFileType = wrapper.cfbundle; includeInIndex = 0; path = masternumberTests.xctest; sourceTree = BUILT_PRODUCTS_DIR; };
		52E50EFB2A46DE070060D489 /* denemeTests.swift */ = {isa = PBXFileReference; lastKnownFileType = sourcecode.swift; path = denemeTests.swift; sourceTree = "<group>"; };
		52E50F012A46DE070060D489 /* masternumberUITests.xctest */ = {isa = PBXFileReference; explicitFileType = wrapper.cfbundle; includeInIndex = 0; path = masternumberUITests.xctest; sourceTree = BUILT_PRODUCTS_DIR; };
		52E50F052A46DE070060D489 /* denemeUITests.swift */ = {isa = PBXFileReference; lastKnownFileType = sourcecode.swift; path = denemeUITests.swift; sourceTree = "<group>"; };
		52E50F072A46DE070060D489 /* denemeUITestsLaunchTests.swift */ = {isa = PBXFileReference; lastKnownFileType = sourcecode.swift; path = denemeUITestsLaunchTests.swift; sourceTree = "<group>"; };
		52E50F142A46FC7A0060D489 /* HWTPVC.swift */ = {isa = PBXFileReference; lastKnownFileType = sourcecode.swift; path = HWTPVC.swift; sourceTree = "<group>"; };
		52E50F162A46FCBC0060D489 /* PGVC.swift */ = {isa = PBXFileReference; lastKnownFileType = sourcecode.swift; path = PGVC.swift; sourceTree = "<group>"; };
/* End PBXFileReference section */

/* Begin PBXFrameworksBuildPhase section */
		52E50EDE2A46DE060060D489 /* Frameworks */ = {
			isa = PBXFrameworksBuildPhase;
			buildActionMask = 2147483647;
			files = (
				529FF7602A5188210016348B /* FirebaseDatabase in Frameworks */,
				529FF7622A5188210016348B /* FirebaseFirestore in Frameworks */,
				52A5E43D2A4AECCD0006DE51 /* SpriteKit.framework in Frameworks */,
				529FF7642A518E1B0016348B /* FirebaseStorage in Frameworks */,
				529FF75E2A5188210016348B /* FirebaseAuth in Frameworks */,
			);
			runOnlyForDeploymentPostprocessing = 0;
		};
		52E50EF42A46DE070060D489 /* Frameworks */ = {
			isa = PBXFrameworksBuildPhase;
			buildActionMask = 2147483647;
			files = (
			);
			runOnlyForDeploymentPostprocessing = 0;
		};
		52E50EFE2A46DE070060D489 /* Frameworks */ = {
			isa = PBXFrameworksBuildPhase;
			buildActionMask = 2147483647;
			files = (
			);
			runOnlyForDeploymentPostprocessing = 0;
		};
/* End PBXFrameworksBuildPhase section */

/* Begin PBXGroup section */
		52A5E43B2A4AECCD0006DE51 /* Frameworks */ = {
			isa = PBXGroup;
			children = (
				52A5E43C2A4AECCD0006DE51 /* SpriteKit.framework */,
			);
			name = Frameworks;
			sourceTree = "<group>";
		};
		52E50ED82A46DE060060D489 = {
			isa = PBXGroup;
			children = (
				52E50EE32A46DE060060D489 /* masternumber */,
				52E50EFA2A46DE070060D489 /* masternumberTests */,
				52E50F042A46DE070060D489 /* masternumberUITests */,
				52E50EE22A46DE060060D489 /* Products */,
				52A5E43B2A4AECCD0006DE51 /* Frameworks */,
			);
			sourceTree = "<group>";
		};
		52E50EE22A46DE060060D489 /* Products */ = {
			isa = PBXGroup;
			children = (
				52E50EE12A46DE060060D489 /* masternumber.app */,
				52E50EF72A46DE070060D489 /* masternumberTests.xctest */,
				52E50F012A46DE070060D489 /* masternumberUITests.xctest */,
			);
			name = Products;
			sourceTree = "<group>";
		};
		52E50EE32A46DE060060D489 /* masternumber */ = {
			isa = PBXGroup;
			children = (
				52E50EE42A46DE060060D489 /* AppDelegate.swift */,
				52E50EE62A46DE060060D489 /* SceneDelegate.swift */,
				529FF7522A517D3E0016348B /* LogInViewController.swift */,
				529FF7542A517DC90016348B /* SignUpViewController.swift */,
				52E50EE82A46DE060060D489 /* ViewController.swift */,
				52E50F142A46FC7A0060D489 /* HWTPVC.swift */,
				52E50F162A46FCBC0060D489 /* PGVC.swift */,
				529FF7562A517E190016348B /* GalleryViewController.swift */,
				529FF7582A517E470016348B /* ImageCell.swift */,
				52E50EEA2A46DE060060D489 /* Main.storyboard */,
				52E50EED2A46DE070060D489 /* Assets.xcassets */,
				52E50EEF2A46DE070060D489 /* LaunchScreen.storyboard */,
				52E50EF22A46DE070060D489 /* Info.plist */,
				529FF75A2A51876A0016348B /* GoogleService-Info.plist */,
			);
			path = masternumber;
			sourceTree = "<group>";
		};
		52E50EFA2A46DE070060D489 /* masternumberTests */ = {
			isa = PBXGroup;
			children = (
				52E50EFB2A46DE070060D489 /* denemeTests.swift */,
			);
			path = masternumberTests;
			sourceTree = "<group>";
		};
		52E50F042A46DE070060D489 /* masternumberUITests */ = {
			isa = PBXGroup;
			children = (
				52E50F052A46DE070060D489 /* denemeUITests.swift */,
				52E50F072A46DE070060D489 /* denemeUITestsLaunchTests.swift */,
			);
			path = masternumberUITests;
			sourceTree = "<group>";
		};
/* End PBXGroup section */

/* Begin PBXNativeTarget section */
		52E50EE02A46DE060060D489 /* masternumber */ = {
			isa = PBXNativeTarget;
			buildConfigurationList = 52E50F0B2A46DE070060D489 /* Build configuration list for PBXNativeTarget "masternumber" */;
			buildPhases = (
				52E50EDD2A46DE060060D489 /* Sources */,
				52E50EDE2A46DE060060D489 /* Frameworks */,
				52E50EDF2A46DE060060D489 /* Resources */,
			);
			buildRules = (
			);
			dependencies = (
			);
			name = masternumber;
			packageProductDependencies = (
				529FF75D2A5188210016348B /* FirebaseAuth */,
				529FF75F2A5188210016348B /* FirebaseDatabase */,
				529FF7612A5188210016348B /* FirebaseFirestore */,
				529FF7632A518E1B0016348B /* FirebaseStorage */,
			);
			productName = deneme;
			productReference = 52E50EE12A46DE060060D489 /* masternumber.app */;
			productType = "com.apple.product-type.application";
		};
		52E50EF62A46DE070060D489 /* masternumberTests */ = {
			isa = PBXNativeTarget;
			buildConfigurationList = 52E50F0E2A46DE070060D489 /* Build configuration list for PBXNativeTarget "masternumberTests" */;
			buildPhases = (
				52E50EF32A46DE070060D489 /* Sources */,
				52E50EF42A46DE070060D489 /* Frameworks */,
				52E50EF52A46DE070060D489 /* Resources */,
			);
			buildRules = (
			);
			dependencies = (
				52E50EF92A46DE070060D489 /* PBXTargetDependency */,
			);
			name = masternumberTests;
			productName = denemeTests;
			productReference = 52E50EF72A46DE070060D489 /* masternumberTests.xctest */;
			productType = "com.apple.product-type.bundle.unit-test";
		};
		52E50F002A46DE070060D489 /* masternumberUITests */ = {
			isa = PBXNativeTarget;
			buildConfigurationList = 52E50F112A46DE070060D489 /* Build configuration list for PBXNativeTarget "masternumberUITests" */;
			buildPhases = (
				52E50EFD2A46DE070060D489 /* Sources */,
				52E50EFE2A46DE070060D489 /* Frameworks */,
				52E50EFF2A46DE070060D489 /* Resources */,
			);
			buildRules = (
			);
			dependencies = (
				52E50F032A46DE070060D489 /* PBXTargetDependency */,
			);
			name = masternumberUITests;
			productName = denemeUITests;
			productReference = 52E50F012A46DE070060D489 /* masternumberUITests.xctest */;
			productType = "com.apple.product-type.bundle.ui-testing";
		};
/* End PBXNativeTarget section */

/* Begin PBXProject section */
		52E50ED92A46DE060060D489 /* Project object */ = {
			isa = PBXProject;
			attributes = {
				BuildIndependentTargetsInParallel = 1;
				LastSwiftUpdateCheck = 1430;
				LastUpgradeCheck = 1430;
				TargetAttributes = {
					52E50EE02A46DE060060D489 = {
						CreatedOnToolsVersion = 14.3;
					};
					52E50EF62A46DE070060D489 = {
						CreatedOnToolsVersion = 14.3;
						TestTargetID = 52E50EE02A46DE060060D489;
					};
					52E50F002A46DE070060D489 = {
						CreatedOnToolsVersion = 14.3;
						TestTargetID = 52E50EE02A46DE060060D489;
					};
				};
			};
			buildConfigurationList = 52E50EDC2A46DE060060D489 /* Build configuration list for PBXProject "masternumber" */;
			compatibilityVersion = "Xcode 14.0";
			developmentRegion = en;
			hasScannedForEncodings = 0;
			knownRegions = (
				en,
				Base,
			);
			mainGroup = 52E50ED82A46DE060060D489;
			packageReferences = (
				529FF75C2A5188210016348B /* XCRemoteSwiftPackageReference "firebase-ios-sdk" */,
			);
			productRefGroup = 52E50EE22A46DE060060D489 /* Products */;
			projectDirPath = "";
			projectRoot = "";
			targets = (
				52E50EE02A46DE060060D489 /* masternumber */,
				52E50EF62A46DE070060D489 /* masternumberTests */,
				52E50F002A46DE070060D489 /* masternumberUITests */,
			);
		};
/* End PBXProject section */

/* Begin PBXResourcesBuildPhase section */
		52E50EDF2A46DE060060D489 /* Resources */ = {
			isa = PBXResourcesBuildPhase;
			buildActionMask = 2147483647;
			files = (
				52E50EF12A46DE070060D489 /* LaunchScreen.storyboard in Resources */,
				52E50EEE2A46DE070060D489 /* Assets.xcassets in Resources */,
				529FF75B2A51876A0016348B /* GoogleService-Info.plist in Resources */,
				52E50EEC2A46DE060060D489 /* Main.storyboard in Resources */,
			);
			runOnlyForDeploymentPostprocessing = 0;
		};
		52E50EF52A46DE070060D489 /* Resources */ = {
			isa = PBXResourcesBuildPhase;
			buildActionMask = 2147483647;
			files = (
			);
			runOnlyForDeploymentPostprocessing = 0;
		};
		52E50EFF2A46DE070060D489 /* Resources */ = {
			isa = PBXResourcesBuildPhase;
			buildActionMask = 2147483647;
			files = (
			);
			runOnlyForDeploymentPostprocessing = 0;
		};
/* End PBXResourcesBuildPhase section */

/* Begin PBXSourcesBuildPhase section */
		52E50EDD2A46DE060060D489 /* Sources */ = {
			isa = PBXSourcesBuildPhase;
			buildActionMask = 2147483647;
			files = (
				52E50EE92A46DE060060D489 /* ViewController.swift in Sources */,
				529FF7552A517DC90016348B /* SignUpViewController.swift in Sources */,
				529FF7592A517E470016348B /* ImageCell.swift in Sources */,
				52E50F172A46FCBD0060D489 /* PGVC.swift in Sources */,
				529FF7532A517D3E0016348B /* LogInViewController.swift in Sources */,
				52E50EE52A46DE060060D489 /* AppDelegate.swift in Sources */,
				529FF7572A517E190016348B /* GalleryViewController.swift in Sources */,
				52E50EE72A46DE060060D489 /* SceneDelegate.swift in Sources */,
				52E50F152A46FC7A0060D489 /* HWTPVC.swift in Sources */,
			);
			runOnlyForDeploymentPostprocessing = 0;
		};
		52E50EF32A46DE070060D489 /* Sources */ = {
			isa = PBXSourcesBuildPhase;
			buildActionMask = 2147483647;
			files = (
				52E50EFC2A46DE070060D489 /* denemeTests.swift in Sources */,
			);
			runOnlyForDeploymentPostprocessing = 0;
		};
		52E50EFD2A46DE070060D489 /* Sources */ = {
			isa = PBXSourcesBuildPhase;
			buildActionMask = 2147483647;
			files = (
				52E50F082A46DE070060D489 /* denemeUITestsLaunchTests.swift in Sources */,
				52E50F062A46DE070060D489 /* denemeUITests.swift in Sources */,
			);
			runOnlyForDeploymentPostprocessing = 0;
		};
/* End PBXSourcesBuildPhase section */

/* Begin PBXTargetDependency section */
		52E50EF92A46DE070060D489 /* PBXTargetDependency */ = {
			isa = PBXTargetDependency;
			target = 52E50EE02A46DE060060D489 /* masternumber */;
			targetProxy = 52E50EF82A46DE070060D489 /* PBXContainerItemProxy */;
		};
		52E50F032A46DE070060D489 /* PBXTargetDependency */ = {
			isa = PBXTargetDependency;
			target = 52E50EE02A46DE060060D489 /* masternumber */;
			targetProxy = 52E50F022A46DE070060D489 /* PBXContainerItemProxy */;
		};
/* End PBXTargetDependency section */

/* Begin PBXVariantGroup section */
		52E50EEA2A46DE060060D489 /* Main.storyboard */ = {
			isa = PBXVariantGroup;
			children = (
				52E50EEB2A46DE060060D489 /* Base */,
			);
			name = Main.storyboard;
			sourceTree = "<group>";
		};
		52E50EEF2A46DE070060D489 /* LaunchScreen.storyboard */ = {
			isa = PBXVariantGroup;
			children = (
				52E50EF02A46DE070060D489 /* Base */,
			);
			name = LaunchScreen.storyboard;
			sourceTree = "<group>";
		};
/* End PBXVariantGroup section */

/* Begin XCBuildConfiguration section */
		52E50F092A46DE070060D489 /* Debug */ = {
			isa = XCBuildConfiguration;
			buildSettings = {
				ALWAYS_SEARCH_USER_PATHS = NO;
				CLANG_ANALYZER_NONNULL = YES;
				CLANG_ANALYZER_NUMBER_OBJECT_CONVERSION = YES_AGGRESSIVE;
				CLANG_CXX_LANGUAGE_STANDARD = "gnu++20";
				CLANG_ENABLE_MODULES = YES;
				CLANG_ENABLE_OBJC_ARC = YES;
				CLANG_ENABLE_OBJC_WEAK = YES;
				CLANG_WARN_BLOCK_CAPTURE_AUTORELEASING = YES;
				CLANG_WARN_BOOL_CONVERSION = YES;
				CLANG_WARN_COMMA = YES;
				CLANG_WARN_CONSTANT_CONVERSION = YES;
				CLANG_WARN_DEPRECATED_OBJC_IMPLEMENTATIONS = YES;
				CLANG_WARN_DIRECT_OBJC_ISA_USAGE = YES_ERROR;
				CLANG_WARN_DOCUMENTATION_COMMENTS = YES;
				CLANG_WARN_EMPTY_BODY = YES;
				CLANG_WARN_ENUM_CONVERSION = YES;
				CLANG_WARN_INFINITE_RECURSION = YES;
				CLANG_WARN_INT_CONVERSION = YES;
				CLANG_WARN_NON_LITERAL_NULL_CONVERSION = YES;
				CLANG_WARN_OBJC_IMPLICIT_RETAIN_SELF = YES;
				CLANG_WARN_OBJC_LITERAL_CONVERSION = YES;
				CLANG_WARN_OBJC_ROOT_CLASS = YES_ERROR;
				CLANG_WARN_QUOTED_INCLUDE_IN_FRAMEWORK_HEADER = YES;
				CLANG_WARN_RANGE_LOOP_ANALYSIS = YES;
				CLANG_WARN_STRICT_PROTOTYPES = YES;
				CLANG_WARN_SUSPICIOUS_MOVE = YES;
				CLANG_WARN_UNGUARDED_AVAILABILITY = YES_AGGRESSIVE;
				CLANG_WARN_UNREACHABLE_CODE = YES;
				CLANG_WARN__DUPLICATE_METHOD_MATCH = YES;
				COPY_PHASE_STRIP = NO;
				DEBUG_INFORMATION_FORMAT = dwarf;
				ENABLE_STRICT_OBJC_MSGSEND = YES;
				ENABLE_TESTABILITY = YES;
				GCC_C_LANGUAGE_STANDARD = gnu11;
				GCC_DYNAMIC_NO_PIC = NO;
				GCC_NO_COMMON_BLOCKS = YES;
				GCC_OPTIMIZATION_LEVEL = 0;
				GCC_PREPROCESSOR_DEFINITIONS = (
					"DEBUG=1",
					"$(inherited)",
				);
				GCC_WARN_64_TO_32_BIT_CONVERSION = YES;
				GCC_WARN_ABOUT_RETURN_TYPE = YES_ERROR;
				GCC_WARN_UNDECLARED_SELECTOR = YES;
				GCC_WARN_UNINITIALIZED_AUTOS = YES_AGGRESSIVE;
				GCC_WARN_UNUSED_FUNCTION = YES;
				GCC_WARN_UNUSED_VARIABLE = YES;
				IPHONEOS_DEPLOYMENT_TARGET = 16.4;
				MTL_ENABLE_DEBUG_INFO = INCLUDE_SOURCE;
				MTL_FAST_MATH = YES;
				ONLY_ACTIVE_ARCH = YES;
				SDKROOT = iphoneos;
				SWIFT_ACTIVE_COMPILATION_CONDITIONS = DEBUG;
				SWIFT_OPTIMIZATION_LEVEL = "-Onone";
			};
			name = Debug;
		};
		52E50F0A2A46DE070060D489 /* Release */ = {
			isa = XCBuildConfiguration;
			buildSettings = {
				ALWAYS_SEARCH_USER_PATHS = NO;
				CLANG_ANALYZER_NONNULL = YES;
				CLANG_ANALYZER_NUMBER_OBJECT_CONVERSION = YES_AGGRESSIVE;
				CLANG_CXX_LANGUAGE_STANDARD = "gnu++20";
				CLANG_ENABLE_MODULES = YES;
				CLANG_ENABLE_OBJC_ARC = YES;
				CLANG_ENABLE_OBJC_WEAK = YES;
				CLANG_WARN_BLOCK_CAPTURE_AUTORELEASING = YES;
				CLANG_WARN_BOOL_CONVERSION = YES;
				CLANG_WARN_COMMA = YES;
				CLANG_WARN_CONSTANT_CONVERSION = YES;
				CLANG_WARN_DEPRECATED_OBJC_IMPLEMENTATIONS = YES;
				CLANG_WARN_DIRECT_OBJC_ISA_USAGE = YES_ERROR;
				CLANG_WARN_DOCUMENTATION_COMMENTS = YES;
				CLANG_WARN_EMPTY_BODY = YES;
				CLANG_WARN_ENUM_CONVERSION = YES;
				CLANG_WARN_INFINITE_RECURSION = YES;
				CLANG_WARN_INT_CONVERSION = YES;
				CLANG_WARN_NON_LITERAL_NULL_CONVERSION = YES;
				CLANG_WARN_OBJC_IMPLICIT_RETAIN_SELF = YES;
				CLANG_WARN_OBJC_LITERAL_CONVERSION = YES;
				CLANG_WARN_OBJC_ROOT_CLASS = YES_ERROR;
				CLANG_WARN_QUOTED_INCLUDE_IN_FRAMEWORK_HEADER = YES;
				CLANG_WARN_RANGE_LOOP_ANALYSIS = YES;
				CLANG_WARN_STRICT_PROTOTYPES = YES;
				CLANG_WARN_SUSPICIOUS_MOVE = YES;
				CLANG_WARN_UNGUARDED_AVAILABILITY = YES_AGGRESSIVE;
				CLANG_WARN_UNREACHABLE_CODE = YES;
				CLANG_WARN__DUPLICATE_METHOD_MATCH = YES;
				COPY_PHASE_STRIP = NO;
				DEBUG_INFORMATION_FORMAT = "dwarf-with-dsym";
				ENABLE_NS_ASSERTIONS = NO;
				ENABLE_STRICT_OBJC_MSGSEND = YES;
				GCC_C_LANGUAGE_STANDARD = gnu11;
				GCC_NO_COMMON_BLOCKS = YES;
				GCC_WARN_64_TO_32_BIT_CONVERSION = YES;
				GCC_WARN_ABOUT_RETURN_TYPE = YES_ERROR;
				GCC_WARN_UNDECLARED_SELECTOR = YES;
				GCC_WARN_UNINITIALIZED_AUTOS = YES_AGGRESSIVE;
				GCC_WARN_UNUSED_FUNCTION = YES;
				GCC_WARN_UNUSED_VARIABLE = YES;
				IPHONEOS_DEPLOYMENT_TARGET = 16.4;
				MTL_ENABLE_DEBUG_INFO = NO;
				MTL_FAST_MATH = YES;
				SDKROOT = iphoneos;
				SWIFT_COMPILATION_MODE = wholemodule;
				SWIFT_OPTIMIZATION_LEVEL = "-O";
				VALIDATE_PRODUCT = YES;
			};
			name = Release;
		};
		52E50F0C2A46DE070060D489 /* Debug */ = {
			isa = XCBuildConfiguration;
			buildSettings = {
				ASSETCATALOG_COMPILER_APPICON_NAME = AppIcon;
				ASSETCATALOG_COMPILER_GLOBAL_ACCENT_COLOR_NAME = AccentColor;
				CODE_SIGN_STYLE = Automatic;
				CURRENT_PROJECT_VERSION = 1;
				GENERATE_INFOPLIST_FILE = YES;
				INFOPLIST_FILE = masternumber/Info.plist;
				INFOPLIST_KEY_UIApplicationSupportsIndirectInputEvents = YES;
				INFOPLIST_KEY_UILaunchStoryboardName = LaunchScreen;
				INFOPLIST_KEY_UIMainStoryboardFile = Main;
				INFOPLIST_KEY_UISupportedInterfaceOrientations_iPad = "UIInterfaceOrientationPortrait UIInterfaceOrientationPortraitUpsideDown UIInterfaceOrientationLandscapeLeft UIInterfaceOrientationLandscapeRight";
				INFOPLIST_KEY_UISupportedInterfaceOrientations_iPhone = "UIInterfaceOrientationPortrait UIInterfaceOrientationLandscapeLeft UIInterfaceOrientationLandscapeRight";
				LD_RUNPATH_SEARCH_PATHS = (
					"$(inherited)",
					"@executable_path/Frameworks",
				);
				MARKETING_VERSION = 1.0;
				PRODUCT_BUNDLE_IDENTIFIER = masternumber;
				PRODUCT_NAME = "$(TARGET_NAME)";
				SWIFT_EMIT_LOC_STRINGS = YES;
				SWIFT_VERSION = 5.0;
				TARGETED_DEVICE_FAMILY = "1,2";
			};
			name = Debug;
		};
		52E50F0D2A46DE070060D489 /* Release */ = {
			isa = XCBuildConfiguration;
			buildSettings = {
				ASSETCATALOG_COMPILER_APPICON_NAME = AppIcon;
				ASSETCATALOG_COMPILER_GLOBAL_ACCENT_COLOR_NAME = AccentColor;
				CODE_SIGN_STYLE = Automatic;
				CURRENT_PROJECT_VERSION = 1;
				GENERATE_INFOPLIST_FILE = YES;
				INFOPLIST_FILE = masternumber/Info.plist;
				INFOPLIST_KEY_UIApplicationSupportsIndirectInputEvents = YES;
				INFOPLIST_KEY_UILaunchStoryboardName = LaunchScreen;
				INFOPLIST_KEY_UIMainStoryboardFile = Main;
				INFOPLIST_KEY_UISupportedInterfaceOrientations_iPad = "UIInterfaceOrientationPortrait UIInterfaceOrientationPortraitUpsideDown UIInterfaceOrientationLandscapeLeft UIInterfaceOrientationLandscapeRight";
				INFOPLIST_KEY_UISupportedInterfaceOrientations_iPhone = "UIInterfaceOrientationPortrait UIInterfaceOrientationLandscapeLeft UIInterfaceOrientationLandscapeRight";
				LD_RUNPATH_SEARCH_PATHS = (
					"$(inherited)",
					"@executable_path/Frameworks",
				);
				MARKETING_VERSION = 1.0;
				PRODUCT_BUNDLE_IDENTIFIER = masternumber;
				PRODUCT_NAME = "$(TARGET_NAME)";
				SWIFT_EMIT_LOC_STRINGS = YES;
				SWIFT_VERSION = 5.0;
				TARGETED_DEVICE_FAMILY = "1,2";
			};
			name = Release;
		};
		52E50F0F2A46DE070060D489 /* Debug */ = {
			isa = XCBuildConfiguration;
			buildSettings = {
				ALWAYS_EMBED_SWIFT_STANDARD_LIBRARIES = YES;
				BUNDLE_LOADER = "$(TEST_HOST)";
				CODE_SIGN_STYLE = Automatic;
				CURRENT_PROJECT_VERSION = 1;
				GENERATE_INFOPLIST_FILE = YES;
				IPHONEOS_DEPLOYMENT_TARGET = 16.4;
				MARKETING_VERSION = 1.0;
				PRODUCT_BUNDLE_IDENTIFIER = oyku.masternumberTests;
				PRODUCT_NAME = "$(TARGET_NAME)";
				SWIFT_EMIT_LOC_STRINGS = NO;
				SWIFT_VERSION = 5.0;
				TARGETED_DEVICE_FAMILY = "1,2";
				TEST_HOST = "$(BUILT_PRODUCTS_DIR)/masternumber.app/$(BUNDLE_EXECUTABLE_FOLDER_PATH)/masternumber";
			};
			name = Debug;
		};
		52E50F102A46DE070060D489 /* Release */ = {
			isa = XCBuildConfiguration;
			buildSettings = {
				ALWAYS_EMBED_SWIFT_STANDARD_LIBRARIES = YES;
				BUNDLE_LOADER = "$(TEST_HOST)";
				CODE_SIGN_STYLE = Automatic;
				CURRENT_PROJECT_VERSION = 1;
				GENERATE_INFOPLIST_FILE = YES;
				IPHONEOS_DEPLOYMENT_TARGET = 16.4;
				MARKETING_VERSION = 1.0;
				PRODUCT_BUNDLE_IDENTIFIER = oyku.masternumberTests;
				PRODUCT_NAME = "$(TARGET_NAME)";
				SWIFT_EMIT_LOC_STRINGS = NO;
				SWIFT_VERSION = 5.0;
				TARGETED_DEVICE_FAMILY = "1,2";
				TEST_HOST = "$(BUILT_PRODUCTS_DIR)/masternumber.app/$(BUNDLE_EXECUTABLE_FOLDER_PATH)/masternumber";
			};
			name = Release;
		};
		52E50F122A46DE070060D489 /* Debug */ = {
			isa = XCBuildConfiguration;
			buildSettings = {
				ALWAYS_EMBED_SWIFT_STANDARD_LIBRARIES = YES;
				CODE_SIGN_STYLE = Automatic;
				CURRENT_PROJECT_VERSION = 1;
				GENERATE_INFOPLIST_FILE = YES;
				MARKETING_VERSION = 1.0;
				PRODUCT_BUNDLE_IDENTIFIER = oyku.masternumberUITests;
				PRODUCT_NAME = "$(TARGET_NAME)";
				SWIFT_EMIT_LOC_STRINGS = NO;
				SWIFT_VERSION = 5.0;
				TARGETED_DEVICE_FAMILY = "1,2";
				TEST_TARGET_NAME = deneme;
			};
			name = Debug;
		};
		52E50F132A46DE070060D489 /* Release */ = {
			isa = XCBuildConfiguration;
			buildSettings = {
				ALWAYS_EMBED_SWIFT_STANDARD_LIBRARIES = YES;
				CODE_SIGN_STYLE = Automatic;
				CURRENT_PROJECT_VERSION = 1;
				GENERATE_INFOPLIST_FILE = YES;
				MARKETING_VERSION = 1.0;
				PRODUCT_BUNDLE_IDENTIFIER = oyku.masternumberUITests;
				PRODUCT_NAME = "$(TARGET_NAME)";
				SWIFT_EMIT_LOC_STRINGS = NO;
				SWIFT_VERSION = 5.0;
				TARGETED_DEVICE_FAMILY = "1,2";
				TEST_TARGET_NAME = deneme;
			};
			name = Release;
		};
/* End XCBuildConfiguration section */

/* Begin XCConfigurationList section */
		52E50EDC2A46DE060060D489 /* Build configuration list for PBXProject "masternumber" */ = {
			isa = XCConfigurationList;
			buildConfigurations = (
				52E50F092A46DE070060D489 /* Debug */,
				52E50F0A2A46DE070060D489 /* Release */,
			);
			defaultConfigurationIsVisible = 0;
			defaultConfigurationName = Release;
		};
		52E50F0B2A46DE070060D489 /* Build configuration list for PBXNativeTarget "masternumber" */ = {
			isa = XCConfigurationList;
			buildConfigurations = (
				52E50F0C2A46DE070060D489 /* Debug */,
				52E50F0D2A46DE070060D489 /* Release */,
			);
			defaultConfigurationIsVisible = 0;
			defaultConfigurationName = Release;
		};
		52E50F0E2A46DE070060D489 /* Build configuration list for PBXNativeTarget "masternumberTests" */ = {
			isa = XCConfigurationList;
			buildConfigurations = (
				52E50F0F2A46DE070060D489 /* Debug */,
				52E50F102A46DE070060D489 /* Release */,
			);
			defaultConfigurationIsVisible = 0;
			defaultConfigurationName = Release;
		};
		52E50F112A46DE070060D489 /* Build configuration list for PBXNativeTarget "masternumberUITests" */ = {
			isa = XCConfigurationList;
			buildConfigurations = (
				52E50F122A46DE070060D489 /* Debug */,
				52E50F132A46DE070060D489 /* Release */,
			);
			defaultConfigurationIsVisible = 0;
			defaultConfigurationName = Release;
		};
/* End XCConfigurationList section */

/* Begin XCRemoteSwiftPackageReference section */
		529FF75C2A5188210016348B /* XCRemoteSwiftPackageReference "firebase-ios-sdk" */ = {
			isa = XCRemoteSwiftPackageReference;
			repositoryURL = "https://github.com/firebase/firebase-ios-sdk.git";
			requirement = {
				kind = upToNextMajorVersion;
				minimumVersion = 10.0.0;
			};
		};
/* End XCRemoteSwiftPackageReference section */

/* Begin XCSwiftPackageProductDependency section */
		529FF75D2A5188210016348B /* FirebaseAuth */ = {
			isa = XCSwiftPackageProductDependency;
			package = 529FF75C2A5188210016348B /* XCRemoteSwiftPackageReference "firebase-ios-sdk" */;
			productName = FirebaseAuth;
		};
		529FF75F2A5188210016348B /* FirebaseDatabase */ = {
			isa = XCSwiftPackageProductDependency;
			package = 529FF75C2A5188210016348B /* XCRemoteSwiftPackageReference "firebase-ios-sdk" */;
			productName = FirebaseDatabase;
		};
		529FF7612A5188210016348B /* FirebaseFirestore */ = {
			isa = XCSwiftPackageProductDependency;
			package = 529FF75C2A5188210016348B /* XCRemoteSwiftPackageReference "firebase-ios-sdk" */;
			productName = FirebaseFirestore;
		};
		529FF7632A518E1B0016348B /* FirebaseStorage */ = {
			isa = XCSwiftPackageProductDependency;
			package = 529FF75C2A5188210016348B /* XCRemoteSwiftPackageReference "firebase-ios-sdk" */;
			productName = FirebaseStorage;
		};
/* End XCSwiftPackageProductDependency section */
	};
	rootObject = 52E50ED92A46DE060060D489 /* Project object */;
}
